
Microsoft Visual Studio Solution File, Format Version 12.00
# Visual Studio 15
VisualStudioVersion = 15.0.26430.15
MinimumVisualStudioVersion = 10.0.40219.1
Project("{FAE04EC0-301F-11D3-BF4B-00C04F79EFBC}") = "dev.Solver.Colculation", "dev.Solver.Colculation\dev.Solver.Colculation.csproj", "{1E9FBAFC-8D68-4E65-BA8E-780A38E5D7E9}"
EndProject
Project("{FAE04EC0-301F-11D3-BF4B-00C04F79EFBC}") = "dev.Solver.WebInterface", "dev.Solver.WebInterface\dev.Solver.WebInterface.csproj", "{EBEC8096-F739-4413-8C41-D673C79D283B}"
	ProjectSection(ProjectDependencies) = postProject
		{1E9FBAFC-8D68-4E65-BA8E-780A38E5D7E9} = {1E9FBAFC-8D68-4E65-BA8E-780A38E5D7E9}
	EndProjectSection
EndProject
Global
	GlobalSection(SolutionConfigurationPlatforms) = preSolution
		Debug|Any CPU = Debug|Any CPU
		Release|Any CPU = Release|Any CPU
	EndGlobalSection
	GlobalSection(ProjectConfigurationPlatforms) = postSolution
		{1E9FBAFC-8D68-4E65-BA8E-780A38E5D7E9}.Debug|Any CPU.ActiveCfg = Debug|Any CPU
		{1E9FBAFC-8D68-4E65-BA8E-780A38E5D7E9}.Debug|Any CPU.Build.0 = Debug|Any CPU
		{1E9FBAFC-8D68-4E65-BA8E-780A38E5D7E9}.Release|Any CPU.ActiveCfg = Release|Any CPU
		{1E9FBAFC-8D68-4E65-BA8E-780A38E5D7E9}.Release|Any CPU.Build.0 = Release|Any CPU
		{EBEC8096-F739-4413-8C41-D673C79D283B}.Debug|Any CPU.ActiveCfg = Debug|Any CPU
		{EBEC8096-F739-4413-8C41-D673C79D283B}.Debug|Any CPU.Build.0 = Debug|Any CPU
		{EBEC8096-F739-4413-8C41-D673C79D283B}.Release|Any CPU.ActiveCfg = Release|Any CPU
		{EBEC8096-F739-4413-8C41-D673C79D283B}.Release|Any CPU.Build.0 = Release|Any CPU
	EndGlobalSection
	GlobalSection(SolutionProperties) = preSolution
		HideSolutionNode = FALSE
	EndGlobalSection
EndGlobal
